// !$*UTF8*$!
{
	archiveVersion = 1;
	classes = {
	};
	objectVersion = 50;
	objects = {

/* Begin PBXBuildFile section */
		49010F042230B640006CF024 /* Constants.swift in Sources */ = {isa = PBXBuildFile; fileRef = 49010F032230B640006CF024 /* Constants.swift */; };
		49010F082230B6F8006CF024 /* MovieListerViewModel.swift in Sources */ = {isa = PBXBuildFile; fileRef = 49010F072230B6F8006CF024 /* MovieListerViewModel.swift */; };
		49010F0A2230B731006CF024 /* MovieListerViewController.swift in Sources */ = {isa = PBXBuildFile; fileRef = 49010F092230B731006CF024 /* MovieListerViewController.swift */; };
		49010F0F2230C1F4006CF024 /* MovieListerTableCell.swift in Sources */ = {isa = PBXBuildFile; fileRef = 49010F0E2230C1F4006CF024 /* MovieListerTableCell.swift */; };
		49010F122230C8A0006CF024 /* Movie.swift in Sources */ = {isa = PBXBuildFile; fileRef = 49010F112230C8A0006CF024 /* Movie.swift */; };
		49010F142230D5B7006CF024 /* MovieLister.xib in Resources */ = {isa = PBXBuildFile; fileRef = 49010F132230D5B7006CF024 /* MovieLister.xib */; };
		49010F162230D5E6006CF024 /* MovieListerCell.xib in Resources */ = {isa = PBXBuildFile; fileRef = 49010F152230D5E6006CF024 /* MovieListerCell.xib */; };
		49010F192230D97A006CF024 /* MovieApi.swift in Sources */ = {isa = PBXBuildFile; fileRef = 49010F182230D97A006CF024 /* MovieApi.swift */; };
		49010F1B2230D9FF006CF024 /* WebMovieApi.swift in Sources */ = {isa = PBXBuildFile; fileRef = 49010F1A2230D9FF006CF024 /* WebMovieApi.swift */; };
		49010F1D2231FB92006CF024 /* MovieListerTableCellViewModel.swift in Sources */ = {isa = PBXBuildFile; fileRef = 49010F1C2231FB92006CF024 /* MovieListerTableCellViewModel.swift */; };
		49010F1F2232085C006CF024 /* HFString.swift in Sources */ = {isa = PBXBuildFile; fileRef = 49010F1E2232085C006CF024 /* HFString.swift */; };
		4995145A222F88B500A72FAE /* AppDelegate.swift in Sources */ = {isa = PBXBuildFile; fileRef = 49951459222F88B500A72FAE /* AppDelegate.swift */; };
		4995145F222F88B500A72FAE /* Main.storyboard in Resources */ = {isa = PBXBuildFile; fileRef = 4995145D222F88B500A72FAE /* Main.storyboard */; };
		49951461222F88B800A72FAE /* Assets.xcassets in Resources */ = {isa = PBXBuildFile; fileRef = 49951460222F88B800A72FAE /* Assets.xcassets */; };
		49951464222F88B800A72FAE /* LaunchScreen.storyboard in Resources */ = {isa = PBXBuildFile; fileRef = 49951462222F88B800A72FAE /* LaunchScreen.storyboard */; };
		9D4A16E5EF90CDC8427B05C4 /* Pods_movie_challenge.framework in Frameworks */ = {isa = PBXBuildFile; fileRef = 1768AF37C6D909A01E1D6A12 /* Pods_movie_challenge.framework */; };
/* End PBXBuildFile section */

/* Begin PBXFileReference section */
		0736A06B2FB0AA4F36E3C7E3 /* Pods-movie_challenge.debug.xcconfig */ = {isa = PBXFileReference; includeInIndex = 1; lastKnownFileType = text.xcconfig; name = "Pods-movie_challenge.debug.xcconfig"; path = "Target Support Files/Pods-movie_challenge/Pods-movie_challenge.debug.xcconfig"; sourceTree = "<group>"; };
		1768AF37C6D909A01E1D6A12 /* Pods_movie_challenge.framework */ = {isa = PBXFileReference; explicitFileType = wrapper.framework; includeInIndex = 0; path = Pods_movie_challenge.framework; sourceTree = BUILT_PRODUCTS_DIR; };
		4112B92272F2D0782A0ACDC2 /* Pods-movie_challenge.release.xcconfig */ = {isa = PBXFileReference; includeInIndex = 1; lastKnownFileType = text.xcconfig; name = "Pods-movie_challenge.release.xcconfig"; path = "Target Support Files/Pods-movie_challenge/Pods-movie_challenge.release.xcconfig"; sourceTree = "<group>"; };
		49010F032230B640006CF024 /* Constants.swift */ = {isa = PBXFileReference; lastKnownFileType = sourcecode.swift; path = Constants.swift; sourceTree = "<group>"; };
		49010F072230B6F8006CF024 /* MovieListerViewModel.swift */ = {isa = PBXFileReference; lastKnownFileType = sourcecode.swift; path = MovieListerViewModel.swift; sourceTree = "<group>"; };
		49010F092230B731006CF024 /* MovieListerViewController.swift */ = {isa = PBXFileReference; lastKnownFileType = sourcecode.swift; path = MovieListerViewController.swift; sourceTree = "<group>"; };
		49010F0E2230C1F4006CF024 /* MovieListerTableCell.swift */ = {isa = PBXFileReference; lastKnownFileType = sourcecode.swift; path = MovieListerTableCell.swift; sourceTree = "<group>"; };
		49010F112230C8A0006CF024 /* Movie.swift */ = {isa = PBXFileReference; lastKnownFileType = sourcecode.swift; path = Movie.swift; sourceTree = "<group>"; };
		49010F132230D5B7006CF024 /* MovieLister.xib */ = {isa = PBXFileReference; lastKnownFileType = file.xib; path = MovieLister.xib; sourceTree = "<group>"; };
		49010F152230D5E6006CF024 /* MovieListerCell.xib */ = {isa = PBXFileReference; lastKnownFileType = file.xib; path = MovieListerCell.xib; sourceTree = "<group>"; };
		49010F182230D97A006CF024 /* MovieApi.swift */ = {isa = PBXFileReference; lastKnownFileType = sourcecode.swift; path = MovieApi.swift; sourceTree = "<group>"; };
		49010F1A2230D9FF006CF024 /* WebMovieApi.swift */ = {isa = PBXFileReference; lastKnownFileType = sourcecode.swift; path = WebMovieApi.swift; sourceTree = "<group>"; };
		49010F1C2231FB92006CF024 /* MovieListerTableCellViewModel.swift */ = {isa = PBXFileReference; lastKnownFileType = sourcecode.swift; path = MovieListerTableCellViewModel.swift; sourceTree = "<group>"; };
		49010F1E2232085C006CF024 /* HFString.swift */ = {isa = PBXFileReference; lastKnownFileType = sourcecode.swift; path = HFString.swift; sourceTree = "<group>"; };
		49951456222F88B500A72FAE /* movie_challenge.app */ = {isa = PBXFileReference; explicitFileType = wrapper.application; includeInIndex = 0; path = movie_challenge.app; sourceTree = BUILT_PRODUCTS_DIR; };
		49951459222F88B500A72FAE /* AppDelegate.swift */ = {isa = PBXFileReference; lastKnownFileType = sourcecode.swift; path = AppDelegate.swift; sourceTree = "<group>"; };
		4995145E222F88B500A72FAE /* Base */ = {isa = PBXFileReference; lastKnownFileType = file.storyboard; name = Base; path = Base.lproj/Main.storyboard; sourceTree = "<group>"; };
		49951460222F88B800A72FAE /* Assets.xcassets */ = {isa = PBXFileReference; lastKnownFileType = folder.assetcatalog; path = Assets.xcassets; sourceTree = "<group>"; };
		49951463222F88B800A72FAE /* Base */ = {isa = PBXFileReference; lastKnownFileType = file.storyboard; name = Base; path = Base.lproj/LaunchScreen.storyboard; sourceTree = "<group>"; };
		49951465222F88B800A72FAE /* Info.plist */ = {isa = PBXFileReference; lastKnownFileType = text.plist.xml; path = Info.plist; sourceTree = "<group>"; };
/* End PBXFileReference section */

/* Begin PBXFrameworksBuildPhase section */
		49951453222F88B500A72FAE /* Frameworks */ = {
			isa = PBXFrameworksBuildPhase;
			buildActionMask = 2147483647;
			files = (
				9D4A16E5EF90CDC8427B05C4 /* Pods_movie_challenge.framework in Frameworks */,
			);
			runOnlyForDeploymentPostprocessing = 0;
		};
/* End PBXFrameworksBuildPhase section */

/* Begin PBXGroup section */
		49010F022230B5F3006CF024 /* Utils */ = {
			isa = PBXGroup;
			children = (
				49010F032230B640006CF024 /* Constants.swift */,
				49010F1E2232085C006CF024 /* HFString.swift */,
			);
			path = Utils;
			sourceTree = "<group>";
		};
		49010F052230B6C9006CF024 /* Modules */ = {
			isa = PBXGroup;
			children = (
				49010F062230B6D3006CF024 /* MovieLister */,
			);
			path = Modules;
			sourceTree = "<group>";
		};
		49010F062230B6D3006CF024 /* MovieLister */ = {
			isa = PBXGroup;
			children = (
				49010F0D2230C1D9006CF024 /* TableCells */,
				49010F072230B6F8006CF024 /* MovieListerViewModel.swift */,
				49010F092230B731006CF024 /* MovieListerViewController.swift */,
				49010F132230D5B7006CF024 /* MovieLister.xib */,
			);
			path = MovieLister;
			sourceTree = "<group>";
		};
		49010F0D2230C1D9006CF024 /* TableCells */ = {
			isa = PBXGroup;
			children = (
				49010F0E2230C1F4006CF024 /* MovieListerTableCell.swift */,
				49010F1C2231FB92006CF024 /* MovieListerTableCellViewModel.swift */,
				49010F152230D5E6006CF024 /* MovieListerCell.xib */,
			);
			path = TableCells;
			sourceTree = "<group>";
		};
		49010F102230C889006CF024 /* Models */ = {
			isa = PBXGroup;
			children = (
				49010F112230C8A0006CF024 /* Movie.swift */,
			);
			path = Models;
			sourceTree = "<group>";
		};
		49010F172230D967006CF024 /* Network */ = {
			isa = PBXGroup;
			children = (
				49010F182230D97A006CF024 /* MovieApi.swift */,
				49010F1A2230D9FF006CF024 /* WebMovieApi.swift */,
			);
			path = Network;
			sourceTree = "<group>";
		};
		4995144D222F88B500A72FAE = {
			isa = PBXGroup;
			children = (
				49951458222F88B500A72FAE /* movie_challenge */,
				49951457222F88B500A72FAE /* Products */,
				97199720F832F27A464BCE28 /* Pods */,
				F6EE06BD91E4565C1B0C1E5E /* Frameworks */,
			);
			sourceTree = "<group>";
		};
		49951457222F88B500A72FAE /* Products */ = {
			isa = PBXGroup;
			children = (
				49951456222F88B500A72FAE /* movie_challenge.app */,
			);
			name = Products;
			sourceTree = "<group>";
		};
		49951458222F88B500A72FAE /* movie_challenge */ = {
			isa = PBXGroup;
			children = (
				49010F172230D967006CF024 /* Network */,
				49010F102230C889006CF024 /* Models */,
				49010F052230B6C9006CF024 /* Modules */,
				49010F022230B5F3006CF024 /* Utils */,
				49951459222F88B500A72FAE /* AppDelegate.swift */,
				4995145D222F88B500A72FAE /* Main.storyboard */,
				49951460222F88B800A72FAE /* Assets.xcassets */,
				49951462222F88B800A72FAE /* LaunchScreen.storyboard */,
				49951465222F88B800A72FAE /* Info.plist */,
			);
			path = movie_challenge;
			sourceTree = "<group>";
		};
		97199720F832F27A464BCE28 /* Pods */ = {
			isa = PBXGroup;
			children = (
				0736A06B2FB0AA4F36E3C7E3 /* Pods-movie_challenge.debug.xcconfig */,
				4112B92272F2D0782A0ACDC2 /* Pods-movie_challenge.release.xcconfig */,
			);
			path = Pods;
			sourceTree = "<group>";
		};
		F6EE06BD91E4565C1B0C1E5E /* Frameworks */ = {
			isa = PBXGroup;
			children = (
				1768AF37C6D909A01E1D6A12 /* Pods_movie_challenge.framework */,
			);
			name = Frameworks;
			sourceTree = "<group>";
		};
/* End PBXGroup section */

/* Begin PBXNativeTarget section */
		49951455222F88B500A72FAE /* movie_challenge */ = {
			isa = PBXNativeTarget;
			buildConfigurationList = 49951468222F88B800A72FAE /* Build configuration list for PBXNativeTarget "movie_challenge" */;
			buildPhases = (
				C37AB0D2E186ABE34536A6E4 /* [CP] Check Pods Manifest.lock */,
				49951452222F88B500A72FAE /* Sources */,
				49951453222F88B500A72FAE /* Frameworks */,
				49951454222F88B500A72FAE /* Resources */,
				64E9C9BBEB0F7C796FE6E4A2 /* [CP] Embed Pods Frameworks */,
			);
			buildRules = (
			);
			dependencies = (
			);
			name = movie_challenge;
			productName = movie_challenge;
			productReference = 49951456222F88B500A72FAE /* movie_challenge.app */;
			productType = "com.apple.product-type.application";
		};
/* End PBXNativeTarget section */

/* Begin PBXProject section */
		4995144E222F88B500A72FAE /* Project object */ = {
			isa = PBXProject;
			attributes = {
				LastSwiftUpdateCheck = 0940;
				LastUpgradeCheck = 0940;
				ORGANIZATIONNAME = "Hans Fehrmann";
				TargetAttributes = {
					49951455222F88B500A72FAE = {
						CreatedOnToolsVersion = 9.4.1;
					};
				};
			};
			buildConfigurationList = 49951451222F88B500A72FAE /* Build configuration list for PBXProject "movie_challenge" */;
			compatibilityVersion = "Xcode 9.3";
			developmentRegion = en;
			hasScannedForEncodings = 0;
			knownRegions = (
				en,
				Base,
			);
			mainGroup = 4995144D222F88B500A72FAE;
			productRefGroup = 49951457222F88B500A72FAE /* Products */;
			projectDirPath = "";
			projectRoot = "";
			targets = (
				49951455222F88B500A72FAE /* movie_challenge */,
			);
		};
/* End PBXProject section */

/* Begin PBXResourcesBuildPhase section */
		49951454222F88B500A72FAE /* Resources */ = {
			isa = PBXResourcesBuildPhase;
			buildActionMask = 2147483647;
			files = (
				49010F142230D5B7006CF024 /* MovieLister.xib in Resources */,
				49951464222F88B800A72FAE /* LaunchScreen.storyboard in Resources */,
				49951461222F88B800A72FAE /* Assets.xcassets in Resources */,
				4995145F222F88B500A72FAE /* Main.storyboard in Resources */,
				49010F162230D5E6006CF024 /* MovieListerCell.xib in Resources */,
			);
			runOnlyForDeploymentPostprocessing = 0;
		};
/* End PBXResourcesBuildPhase section */

/* Begin PBXShellScriptBuildPhase section */
		64E9C9BBEB0F7C796FE6E4A2 /* [CP] Embed Pods Frameworks */ = {
			isa = PBXShellScriptBuildPhase;
			buildActionMask = 2147483647;
			files = (
			);
			inputPaths = (
				"${PODS_ROOT}/Target Support Files/Pods-movie_challenge/Pods-movie_challenge-frameworks.sh",
				"${BUILT_PRODUCTS_DIR}/Alamofire/Alamofire.framework",
				"${BUILT_PRODUCTS_DIR}/Moya/Moya.framework",
				"${BUILT_PRODUCTS_DIR}/Result/Result.framework",
				"${BUILT_PRODUCTS_DIR}/RxCocoa/RxCocoa.framework",
				"${BUILT_PRODUCTS_DIR}/RxSwift/RxSwift.framework",
			);
			name = "[CP] Embed Pods Frameworks";
			outputPaths = (
				"${TARGET_BUILD_DIR}/${FRAMEWORKS_FOLDER_PATH}/Alamofire.framework",
				"${TARGET_BUILD_DIR}/${FRAMEWORKS_FOLDER_PATH}/Moya.framework",
				"${TARGET_BUILD_DIR}/${FRAMEWORKS_FOLDER_PATH}/Result.framework",
				"${TARGET_BUILD_DIR}/${FRAMEWORKS_FOLDER_PATH}/RxCocoa.framework",
				"${TARGET_BUILD_DIR}/${FRAMEWORKS_FOLDER_PATH}/RxSwift.framework",
			);
			runOnlyForDeploymentPostprocessing = 0;
			shellPath = /bin/sh;
			shellScript = "\"${PODS_ROOT}/Target Support Files/Pods-movie_challenge/Pods-movie_challenge-frameworks.sh\"\n";
			showEnvVarsInLog = 0;
		};
		C37AB0D2E186ABE34536A6E4 /* [CP] Check Pods Manifest.lock */ = {
			isa = PBXShellScriptBuildPhase;
			buildActionMask = 2147483647;
			files = (
			);
			inputPaths = (
				"${PODS_PODFILE_DIR_PATH}/Podfile.lock",
				"${PODS_ROOT}/Manifest.lock",
			);
			name = "[CP] Check Pods Manifest.lock";
			outputPaths = (
				"$(DERIVED_FILE_DIR)/Pods-movie_challenge-checkManifestLockResult.txt",
			);
			runOnlyForDeploymentPostprocessing = 0;
			shellPath = /bin/sh;
			shellScript = "diff \"${PODS_PODFILE_DIR_PATH}/Podfile.lock\" \"${PODS_ROOT}/Manifest.lock\" > /dev/null\nif [ $? != 0 ] ; then\n    # print error to STDERR\n    echo \"error: The sandbox is not in sync with the Podfile.lock. Run 'pod install' or update your CocoaPods installation.\" >&2\n    exit 1\nfi\n# This output is used by Xcode 'outputs' to avoid re-running this script phase.\necho \"SUCCESS\" > \"${SCRIPT_OUTPUT_FILE_0}\"\n";
			showEnvVarsInLog = 0;
		};
/* End PBXShellScriptBuildPhase section */

/* Begin PBXSourcesBuildPhase section */
		49951452222F88B500A72FAE /* Sources */ = {
			isa = PBXSourcesBuildPhase;
			buildActionMask = 2147483647;
			files = (
				49010F1F2232085C006CF024 /* HFString.swift in Sources */,
				49010F1B2230D9FF006CF024 /* WebMovieApi.swift in Sources */,
				49010F122230C8A0006CF024 /* Movie.swift in Sources */,
				49010F1D2231FB92006CF024 /* MovieListerTableCellViewModel.swift in Sources */,
				49010F0F2230C1F4006CF024 /* MovieListerTableCell.swift in Sources */,
				49010F082230B6F8006CF024 /* MovieListerViewModel.swift in Sources */,
				49010F192230D97A006CF024 /* MovieApi.swift in Sources */,
				4995145A222F88B500A72FAE /* AppDelegate.swift in Sources */,
				49010F0A2230B731006CF024 /* MovieListerViewController.swift in Sources */,
				49010F042230B640006CF024 /* Constants.swift in Sources */,
			);
			runOnlyForDeploymentPostprocessing = 0;
		};
/* End PBXSourcesBuildPhase section */

/* Begin PBXVariantGroup section */
		4995145D222F88B500A72FAE /* Main.storyboard */ = {
			isa = PBXVariantGroup;
			children = (
				4995145E222F88B500A72FAE /* Base */,
			);
			name = Main.storyboard;
			sourceTree = "<group>";
		};
		49951462222F88B800A72FAE /* LaunchScreen.storyboard */ = {
			isa = PBXVariantGroup;
			children = (
				49951463222F88B800A72FAE /* Base */,
			);
			name = LaunchScreen.storyboard;
			sourceTree = "<group>";
		};
/* End PBXVariantGroup section */

/* Begin XCBuildConfiguration section */
		49951466222F88B800A72FAE /* Debug */ = {
			isa = XCBuildConfiguration;
			buildSettings = {
				ALWAYS_SEARCH_USER_PATHS = NO;
				CLANG_ANALYZER_NONNULL = YES;
				CLANG_ANALYZER_NUMBER_OBJECT_CONVERSION = YES_AGGRESSIVE;
				CLANG_CXX_LANGUAGE_STANDARD = "gnu++14";
				CLANG_CXX_LIBRARY = "libc++";
				CLANG_ENABLE_MODULES = YES;
				CLANG_ENABLE_OBJC_ARC = YES;
				CLANG_ENABLE_OBJC_WEAK = YES;
				CLANG_WARN_BLOCK_CAPTURE_AUTORELEASING = YES;
				CLANG_WARN_BOOL_CONVERSION = YES;
				CLANG_WARN_COMMA = YES;
				CLANG_WARN_CONSTANT_CONVERSION = YES;
				CLANG_WARN_DEPRECATED_OBJC_IMPLEMENTATIONS = YES;
				CLANG_WARN_DIRECT_OBJC_ISA_USAGE = YES_ERROR;
				CLANG_WARN_DOCUMENTATION_COMMENTS = YES;
				CLANG_WARN_EMPTY_BODY = YES;
				CLANG_WARN_ENUM_CONVERSION = YES;
				CLANG_WARN_INFINITE_RECURSION = YES;
				CLANG_WARN_INT_CONVERSION = YES;
				CLANG_WARN_NON_LITERAL_NULL_CONVERSION = YES;
				CLANG_WARN_OBJC_IMPLICIT_RETAIN_SELF = YES;
				CLANG_WARN_OBJC_LITERAL_CONVERSION = YES;
				CLANG_WARN_OBJC_ROOT_CLASS = YES_ERROR;
				CLANG_WARN_RANGE_LOOP_ANALYSIS = YES;
				CLANG_WARN_STRICT_PROTOTYPES = YES;
				CLANG_WARN_SUSPICIOUS_MOVE = YES;
				CLANG_WARN_UNGUARDED_AVAILABILITY = YES_AGGRESSIVE;
				CLANG_WARN_UNREACHABLE_CODE = YES;
				CLANG_WARN__DUPLICATE_METHOD_MATCH = YES;
				CODE_SIGN_IDENTITY = "iPhone Developer";
				COPY_PHASE_STRIP = NO;
				DEBUG_INFORMATION_FORMAT = dwarf;
				ENABLE_STRICT_OBJC_MSGSEND = YES;
				ENABLE_TESTABILITY = YES;
				GCC_C_LANGUAGE_STANDARD = gnu11;
				GCC_DYNAMIC_NO_PIC = NO;
				GCC_NO_COMMON_BLOCKS = YES;
				GCC_OPTIMIZATION_LEVEL = 0;
				GCC_PREPROCESSOR_DEFINITIONS = (
					"DEBUG=1",
					"$(inherited)",
				);
				GCC_WARN_64_TO_32_BIT_CONVERSION = YES;
				GCC_WARN_ABOUT_RETURN_TYPE = YES_ERROR;
				GCC_WARN_UNDECLARED_SELECTOR = YES;
				GCC_WARN_UNINITIALIZED_AUTOS = YES_AGGRESSIVE;
				GCC_WARN_UNUSED_FUNCTION = YES;
				GCC_WARN_UNUSED_VARIABLE = YES;
				IPHONEOS_DEPLOYMENT_TARGET = 11.4;
				MTL_ENABLE_DEBUG_INFO = YES;
				ONLY_ACTIVE_ARCH = YES;
				SDKROOT = iphoneos;
				SWIFT_ACTIVE_COMPILATION_CONDITIONS = DEBUG;
				SWIFT_OPTIMIZATION_LEVEL = "-Onone";
			};
			name = Debug;
		};
		49951467222F88B800A72FAE /* Release */ = {
			isa = XCBuildConfiguration;
			buildSettings = {
				ALWAYS_SEARCH_USER_PATHS = NO;
				CLANG_ANALYZER_NONNULL = YES;
				CLANG_ANALYZER_NUMBER_OBJECT_CONVERSION = YES_AGGRESSIVE;
				CLANG_CXX_LANGUAGE_STANDARD = "gnu++14";
				CLANG_CXX_LIBRARY = "libc++";
				CLANG_ENABLE_MODULES = YES;
				CLANG_ENABLE_OBJC_ARC = YES;
				CLANG_ENABLE_OBJC_WEAK = YES;
				CLANG_WARN_BLOCK_CAPTURE_AUTORELEASING = YES;
				CLANG_WARN_BOOL_CONVERSION = YES;
				CLANG_WARN_COMMA = YES;
				CLANG_WARN_CONSTANT_CONVERSION = YES;
				CLANG_WARN_DEPRECATED_OBJC_IMPLEMENTATIONS = YES;
				CLANG_WARN_DIRECT_OBJC_ISA_USAGE = YES_ERROR;
				CLANG_WARN_DOCUMENTATION_COMMENTS = YES;
				CLANG_WARN_EMPTY_BODY = YES;
				CLANG_WARN_ENUM_CONVERSION = YES;
				CLANG_WARN_INFINITE_RECURSION = YES;
				CLANG_WARN_INT_CONVERSION = YES;
				CLANG_WARN_NON_LITERAL_NULL_CONVERSION = YES;
				CLANG_WARN_OBJC_IMPLICIT_RETAIN_SELF = YES;
				CLANG_WARN_OBJC_LITERAL_CONVERSION = YES;
				CLANG_WARN_OBJC_ROOT_CLASS = YES_ERROR;
				CLANG_WARN_RANGE_LOOP_ANALYSIS = YES;
				CLANG_WARN_STRICT_PROTOTYPES = YES;
				CLANG_WARN_SUSPICIOUS_MOVE = YES;
				CLANG_WARN_UNGUARDED_AVAILABILITY = YES_AGGRESSIVE;
				CLANG_WARN_UNREACHABLE_CODE = YES;
				CLANG_WARN__DUPLICATE_METHOD_MATCH = YES;
				CODE_SIGN_IDENTITY = "iPhone Developer";
				COPY_PHASE_STRIP = NO;
				DEBUG_INFORMATION_FORMAT = "dwarf-with-dsym";
				ENABLE_NS_ASSERTIONS = NO;
				ENABLE_STRICT_OBJC_MSGSEND = YES;
				GCC_C_LANGUAGE_STANDARD = gnu11;
				GCC_NO_COMMON_BLOCKS = YES;
				GCC_WARN_64_TO_32_BIT_CONVERSION = YES;
				GCC_WARN_ABOUT_RETURN_TYPE = YES_ERROR;
				GCC_WARN_UNDECLARED_SELECTOR = YES;
				GCC_WARN_UNINITIALIZED_AUTOS = YES_AGGRESSIVE;
				GCC_WARN_UNUSED_FUNCTION = YES;
				GCC_WARN_UNUSED_VARIABLE = YES;
				IPHONEOS_DEPLOYMENT_TARGET = 11.4;
				MTL_ENABLE_DEBUG_INFO = NO;
				SDKROOT = iphoneos;
				SWIFT_COMPILATION_MODE = wholemodule;
				SWIFT_OPTIMIZATION_LEVEL = "-O";
				VALIDATE_PRODUCT = YES;
			};
			name = Release;
		};
		49951469222F88B800A72FAE /* Debug */ = {
			isa = XCBuildConfiguration;
			baseConfigurationReference = 0736A06B2FB0AA4F36E3C7E3 /* Pods-movie_challenge.debug.xcconfig */;
			buildSettings = {
				ASSETCATALOG_COMPILER_APPICON_NAME = AppIcon;
				CODE_SIGN_STYLE = Automatic;
				INFOPLIST_FILE = movie_challenge/Info.plist;
				LD_RUNPATH_SEARCH_PATHS = (
					"$(inherited)",
					"@executable_path/Frameworks",
				);
				PRODUCT_BUNDLE_IDENTIFIER = "cl.hfehrmann.movie-challenge";
				PRODUCT_NAME = "$(TARGET_NAME)";
				SWIFT_VERSION = 4.0;
				TARGETED_DEVICE_FAMILY = "1,2";
			};
			name = Debug;
		};
		4995146A222F88B800A72FAE /* Release */ = {
			isa = XCBuildConfiguration;
			baseConfigurationReference = 4112B92272F2D0782A0ACDC2 /* Pods-movie_challenge.release.xcconfig */;
			buildSettings = {
				ASSETCATALOG_COMPILER_APPICON_NAME = AppIcon;
				CODE_SIGN_STYLE = Automatic;
				INFOPLIST_FILE = movie_challenge/Info.plist;
				LD_RUNPATH_SEARCH_PATHS = (
					"$(inherited)",
					"@executable_path/Frameworks",
				);
				PRODUCT_BUNDLE_IDENTIFIER = "cl.hfehrmann.movie-challenge";
				PRODUCT_NAME = "$(TARGET_NAME)";
				SWIFT_VERSION = 4.0;
				TARGETED_DEVICE_FAMILY = "1,2";
			};
			name = Release;
		};
/* End XCBuildConfiguration section */

/* Begin XCConfigurationList section */
		49951451222F88B500A72FAE /* Build configuration list for PBXProject "movie_challenge" */ = {
			isa = XCConfigurationList;
			buildConfigurations = (
				49951466222F88B800A72FAE /* Debug */,
				49951467222F88B800A72FAE /* Release */,
			);
			defaultConfigurationIsVisible = 0;
			defaultConfigurationName = Release;
		};
		49951468222F88B800A72FAE /* Build configuration list for PBXNativeTarget "movie_challenge" */ = {
			isa = XCConfigurationList;
			buildConfigurations = (
				49951469222F88B800A72FAE /* Debug */,
				4995146A222F88B800A72FAE /* Release */,
			);
			defaultConfigurationIsVisible = 0;
			defaultConfigurationName = Release;
		};
/* End XCConfigurationList section */
	};
	rootObject = 4995144E222F88B500A72FAE /* Project object */;
}
